
Microsoft Visual Studio Solution File, Format Version 12.00
# Visual Studio Version 17
VisualStudioVersion = 17.2.32526.322
MinimumVisualStudioVersion = 10.0.40219.1
Project("{9A19103F-16F7-4668-BE54-9A1E7A4F7556}") = "Pizza.API", "Pizza.API\Pizza.API.csproj", "{D68258A9-E339-4F69-86BE-A1AC87C6A627}"
EndProject
Project("{9A19103F-16F7-4668-BE54-9A1E7A4F7556}") = "DTOs", "DTOs\DTOs.csproj", "{ED169CAD-AD3A-4A69-9C87-209EDA7C68A6}"
EndProject
Project("{9A19103F-16F7-4668-BE54-9A1E7A4F7556}") = "Entities", "Entities\Entities.csproj", "{10E9AD8B-F098-4133-B80F-E8862443076F}"
EndProject
Global
	GlobalSection(SolutionConfigurationPlatforms) = preSolution
		Debug|Any CPU = Debug|Any CPU
		Release|Any CPU = Release|Any CPU
	EndGlobalSection
	GlobalSection(ProjectConfigurationPlatforms) = postSolution
		{D68258A9-E339-4F69-86BE-A1AC87C6A627}.Debug|Any CPU.ActiveCfg = Debug|Any CPU
		{D68258A9-E339-4F69-86BE-A1AC87C6A627}.Debug|Any CPU.Build.0 = Debug|Any CPU
		{D68258A9-E339-4F69-86BE-A1AC87C6A627}.Release|Any CPU.ActiveCfg = Release|Any CPU
		{D68258A9-E339-4F69-86BE-A1AC87C6A627}.Release|Any CPU.Build.0 = Release|Any CPU
		{ED169CAD-AD3A-4A69-9C87-209EDA7C68A6}.Debug|Any CPU.ActiveCfg = Debug|Any CPU
		{ED169CAD-AD3A-4A69-9C87-209EDA7C68A6}.Debug|Any CPU.Build.0 = Debug|Any CPU
		{ED169CAD-AD3A-4A69-9C87-209EDA7C68A6}.Release|Any CPU.ActiveCfg = Release|Any CPU
		{ED169CAD-AD3A-4A69-9C87-209EDA7C68A6}.Release|Any CPU.Build.0 = Release|Any CPU
		{10E9AD8B-F098-4133-B80F-E8862443076F}.Debug|Any CPU.ActiveCfg = Debug|Any CPU
		{10E9AD8B-F098-4133-B80F-E8862443076F}.Debug|Any CPU.Build.0 = Debug|Any CPU
		{10E9AD8B-F098-4133-B80F-E8862443076F}.Release|Any CPU.ActiveCfg = Release|Any CPU
		{10E9AD8B-F098-4133-B80F-E8862443076F}.Release|Any CPU.Build.0 = Release|Any CPU
	EndGlobalSection
	GlobalSection(SolutionProperties) = preSolution
		HideSolutionNode = FALSE
	EndGlobalSection
	GlobalSection(ExtensibilityGlobals) = postSolution
		SolutionGuid = {2C43449F-3FA2-473C-A9CB-CFA187E18FAE}
	EndGlobalSection
EndGlobal
